
Microsoft Visual Studio Solution File, Format Version 12.00
# Visual Studio Version 16
VisualStudioVersion = 16.0.31005.135
MinimumVisualStudioVersion = 10.0.40219.1
Project("{FAE04EC0-301F-11D3-BF4B-00C04F79EFBC}") = "CSGO-MultiHack", "CSGO-MultiHack.csproj", "{4755B6C8-95BB-4AB4-AB7C-034FEAAC459E}"
EndProject
Global
	GlobalSection(SolutionConfigurationPlatforms) = preSolution
		Debug|Any CPU = Debug|Any CPU
		Release|Any CPU = Release|Any CPU
	EndGlobalSection
	GlobalSection(ProjectConfigurationPlatforms) = postSolution
		{4755B6C8-95BB-4AB4-AB7C-034FEAAC459E}.Debug|Any CPU.ActiveCfg = Debug|Any CPU
		{4755B6C8-95BB-4AB4-AB7C-034FEAAC459E}.Debug|Any CPU.Build.0 = Debug|Any CPU
		{4755B6C8-95BB-4AB4-AB7C-034FEAAC459E}.Release|Any CPU.ActiveCfg = Release|Any CPU
		{4755B6C8-95BB-4AB4-AB7C-034FEAAC459E}.Release|Any CPU.Build.0 = Release|Any CPU
	EndGlobalSection
	GlobalSection(SolutionProperties) = preSolution
		HideSolutionNode = FALSE
	EndGlobalSection
	GlobalSection(ExtensibilityGlobals) = postSolution
		SolutionGuid = {6EEE5698-AAC9-4442-9A8A-604F621187DE}
	EndGlobalSection
EndGlobal
